{
    "name": "vmlapis-grpc-web",
    "version": "0.1.0",
    "lockfileVersion": 3,
    "requires": true,
    "packages": {
        "": {
            "name": "vmlapis-grpc-web",
            "version": "0.1.0",
            "dependencies": {
                "google-protobuf": "^4.0.3",
                "grpc-web": "^1.5.0"
            }
        },
        "node_modules/google-protobuf": {
            "version": "4.0.3",
            "resolved": "https://registry.npmjs.org/google-protobuf/-/google-protobuf-4.0.3.tgz",
            "integrity": "sha512-DI6iiRmF8fE/EzvGK5F9b8RxZeumHC2AAhi3xwOEh+GT5eRhJeW1aOtkDxn0W7cVCFQAtwK+ZDwIO1BYz+9WMA==",
            "license": "(BSD-3-Clause AND Apache-2.0)"
        },
        "node_modules/grpc-web": {
            "version": "1.5.0",
            "resolved": "https://registry.npmjs.org/grpc-web/-/grpc-web-1.5.0.tgz",
            "integrity": "sha512-y1tS3BBIoiVSzKTDF3Hm7E8hV2n7YY7pO0Uo7depfWJqKzWE+SKr0jvHNIJsJJYILQlpYShpi/DRJJMbosgDMQ==",
            "license": "Apache-2.0"
        }
    }
}
